lockfileVersion: '9.0'

settings:
  autoInstallPeers: true
  excludeLinksFromLockfile: false

importers:

  .:
    dependencies:
      '@ffmpeg/ffmpeg':
        specifier: ^0.12.10
        version: 0.12.10
      '@tauri-apps/plugin-dialog':
        specifier: ~2
        version: 2.0.1
      '@tauri-apps/plugin-fs':
        specifier: ~2
        version: 2.0.2
      '@tauri-apps/plugin-log':
        specifier: ^2.2.0
        version: 2.2.0
      ffmpeg:
        specifier: ^0.0.4
        version: 0.0.4
      ffmpeg.js:
        specifier: ^4.2.9003
        version: 4.2.9003
    devDependencies:
      '@tauri-apps/cli':
        specifier: ^2
        version: 2.0.4

packages:

  '@ffmpeg/ffmpeg@0.12.10':
    resolution: {integrity: sha512-lVtk8PW8e+NUzGZhPTWj2P1J4/NyuCrbDD3O9IGpSeLYtUZKBqZO8CNj1WYGghep/MXoM8e1qVY1GztTkf8YYQ==}
    engines: {node: '>=18.x'}

  '@ffmpeg/types@0.12.2':
    resolution: {integrity: sha512-NJtxwPoLb60/z1Klv0ueshguWQ/7mNm106qdHkB4HL49LXszjhjCCiL+ldHJGQ9ai2Igx0s4F24ghigy//ERdA==}
    engines: {node: '>=16.x'}

  '@tauri-apps/api@2.1.1':
    resolution: {integrity: sha512-fzUfFFKo4lknXGJq8qrCidkUcKcH2UHhfaaCNt4GzgzGaW2iS26uFOg4tS3H4P8D6ZEeUxtiD5z0nwFF0UN30A==}

  '@tauri-apps/cli-darwin-arm64@2.0.4':
    resolution: {integrity: sha512-siH7rOHobb16rPbc11k64p1mxIpiRCkWmzs2qmL5IX21Gx9K5onI3Tk67Oqpf2uNupbYzItrOttaDT4NHFC7tw==}
    engines: {node: '>= 10'}
    cpu: [arm64]
    os: [darwin]

  '@tauri-apps/cli-darwin-x64@2.0.4':
    resolution: {integrity: sha512-zIccfbCoZMfmUpnk6PFCV0keFyfVj1A9XV3Oiiitj/dkTZ9CQvzjhX3XC0XcK4rsTWegfr2PjSrK06aiPAROAw==}
    engines: {node: '>= 10'}
    cpu: [x64]
    os: [darwin]

  '@tauri-apps/cli-linux-arm-gnueabihf@2.0.4':
    resolution: {integrity: sha512-fgQqJzefOGWCBNg4yrVA82Rg4s1XQr5K0dc2rCxBhJfa696e8dQ1LDrnWq/AiO5r+uHfVaoQTIUvxxpFicYRSA==}
    engines: {node: '>= 10'}
    cpu: [arm]
    os: [linux]

  '@tauri-apps/cli-linux-arm64-gnu@2.0.4':
    resolution: {integrity: sha512-u8wbt5tPA9pI6j+d7jGrfOz9UVCiTp+IYzKNiIqlrDsAjqAUFaNXYHKqOUboeFWEmI4zoCWj6LgpS2OJTQ5FKg==}
    engines: {node: '>= 10'}
    cpu: [arm64]
    os: [linux]

  '@tauri-apps/cli-linux-arm64-musl@2.0.4':
    resolution: {integrity: sha512-hntF1V8e3V1hlrESm93PsghDhf3lA5pbvFrRfYxU1c+fVD/jRXGVw8BH3O1lW8MWwhEg1YdhKk01oAgsuHLuig==}
    engines: {node: '>= 10'}
    cpu: [arm64]
    os: [linux]

  '@tauri-apps/cli-linux-x64-gnu@2.0.4':
    resolution: {integrity: sha512-Iq1GGJb+oT1T0ZV8izrgf0cBtlzPCJaWcNueRbf1ZXquMf+FSTyQv+/Lo8rq5T6buOIJOH7cAOTuEWWqiCZteg==}
    engines: {node: '>= 10'}
    cpu: [x64]
    os: [linux]

  '@tauri-apps/cli-linux-x64-musl@2.0.4':
    resolution: {integrity: sha512-9NTk6Pf0bSwXqCBdAA+PDYts9HeHebZzIo8mbRzRyUbER6QngG5HZb9Ka36Z1QWtJjdRy6uxSb4zb/9NuTeHfA==}
    engines: {node: '>= 10'}
    cpu: [x64]
    os: [linux]

  '@tauri-apps/cli-win32-arm64-msvc@2.0.4':
    resolution: {integrity: sha512-OF2e9oxiBFR8A8wVMOhUx9QGN/I1ZkquWC7gVQBnA56nx9PabJlDT08QBy5UD8USqZFVznnfNr2ehlheQahb3g==}
    engines: {node: '>= 10'}
    cpu: [arm64]
    os: [win32]

  '@tauri-apps/cli-win32-ia32-msvc@2.0.4':
    resolution: {integrity: sha512-T+hCKB3rFP6q0saHHtR02hm6wr1ZPJ0Mkii3oRTxjPG6BBXoVzHNCYzvdgEGJPTA2sFuAQtJH764NRtNlDMifw==}
    engines: {node: '>= 10'}
    cpu: [ia32]
    os: [win32]

  '@tauri-apps/cli-win32-x64-msvc@2.0.4':
    resolution: {integrity: sha512-GVaiI3KWRFLomjJmApHqihhYlkJ+7FqhumhVfBO6Z2tWzZjQyVQgTdNp0kYEuW2WoAYEj0dKY6qd4YM33xYcUA==}
    engines: {node: '>= 10'}
    cpu: [x64]
    os: [win32]

  '@tauri-apps/cli@2.0.4':
    resolution: {integrity: sha512-Hl9eFXz+O366+6su9PfaSzu2EJdFe1p8K8ghkWmi40dz8VmSE7vsMTaOStD0I71ckSOkh2ICDX7FQTBgjlpjWw==}
    engines: {node: '>= 10'}
    hasBin: true

  '@tauri-apps/plugin-dialog@2.0.1':
    resolution: {integrity: sha512-fnUrNr6EfvTqdls/ufusU7h6UbNFzLKvHk/zTuOiBq01R3dTODqwctZlzakdbfSp/7pNwTKvgKTAgl/NAP/Z0Q==}

  '@tauri-apps/plugin-fs@2.0.2':
    resolution: {integrity: sha512-4YZaX2j7ta81M5/DL8aN10kTnpUkEpkPo1FTYPT8Dd0ImHe3azM8i8MrtjrDGoyBYLPO3zFv7df/mSCYF8oA0Q==}

  '@tauri-apps/plugin-log@2.2.0':
    resolution: {integrity: sha512-g6CsQAR1lsm5ABSZZxpM/iCn86GrMDTTlhj7GPkZkYBRSm3+WczfOAl7SV7HDn77tOKCzhZffwI5uHfRoHutrw==}

  ffmpeg.js@4.2.9003:
    resolution: {integrity: sha512-l1JBr8HwnnJEaSwg5p8K3Ifbom8O2IDHsZp7UVyr6MzQ7gc32tt/2apoOuQAr/j76c+uDOjla799VSsBnRvSTg==}

  ffmpeg@0.0.4:
    resolution: {integrity: sha512-3TgWUJJlZGQn+crJFyhsO/oNeRRnGTy6GhgS98oUCIfZrOW5haPPV7DUfOm3xJcHr5q3TJpjk2GudPutrNisRA==}

  when@3.7.8:
    resolution: {integrity: sha512-5cZ7mecD3eYcMiCH4wtRPA5iFJZ50BJYDfckI5RRpQiktMiYTcn0ccLTZOvcbBume+1304fQztxeNzNS9Gvrnw==}

snapshots:

  '@ffmpeg/ffmpeg@0.12.10':
    dependencies:
      '@ffmpeg/types': 0.12.2

  '@ffmpeg/types@0.12.2': {}

  '@tauri-apps/api@2.1.1': {}

  '@tauri-apps/cli-darwin-arm64@2.0.4':
    optional: true

  '@tauri-apps/cli-darwin-x64@2.0.4':
    optional: true

  '@tauri-apps/cli-linux-arm-gnueabihf@2.0.4':
    optional: true

  '@tauri-apps/cli-linux-arm64-gnu@2.0.4':
    optional: true

  '@tauri-apps/cli-linux-arm64-musl@2.0.4':
    optional: true

  '@tauri-apps/cli-linux-x64-gnu@2.0.4':
    optional: true

  '@tauri-apps/cli-linux-x64-musl@2.0.4':
    optional: true

  '@tauri-apps/cli-win32-arm64-msvc@2.0.4':
    optional: true

  '@tauri-apps/cli-win32-ia32-msvc@2.0.4':
    optional: true

  '@tauri-apps/cli-win32-x64-msvc@2.0.4':
    optional: true

  '@tauri-apps/cli@2.0.4':
    optionalDependencies:
      '@tauri-apps/cli-darwin-arm64': 2.0.4
      '@tauri-apps/cli-darwin-x64': 2.0.4
      '@tauri-apps/cli-linux-arm-gnueabihf': 2.0.4
      '@tauri-apps/cli-linux-arm64-gnu': 2.0.4
      '@tauri-apps/cli-linux-arm64-musl': 2.0.4
      '@tauri-apps/cli-linux-x64-gnu': 2.0.4
      '@tauri-apps/cli-linux-x64-musl': 2.0.4
      '@tauri-apps/cli-win32-arm64-msvc': 2.0.4
      '@tauri-apps/cli-win32-ia32-msvc': 2.0.4
      '@tauri-apps/cli-win32-x64-msvc': 2.0.4

  '@tauri-apps/plugin-dialog@2.0.1':
    dependencies:
      '@tauri-apps/api': 2.1.1

  '@tauri-apps/plugin-fs@2.0.2':
    dependencies:
      '@tauri-apps/api': 2.1.1

  '@tauri-apps/plugin-log@2.2.0':
    dependencies:
      '@tauri-apps/api': 2.1.1

  ffmpeg.js@4.2.9003: {}

  ffmpeg@0.0.4:
    dependencies:
      when: 3.7.8

  when@3.7.8: {}
